
Microsoft Visual Studio Solution File, Format Version 12.00
# Visual Studio Version 16
VisualStudioVersion = 16.0.30011.22
MinimumVisualStudioVersion = 10.0.40219.1
Project("{FAE04EC0-301F-11D3-BF4B-00C04F79EFBC}") = "Lab5", "Lab5.csproj", "{500A88F7-9283-4D4C-8A12-08771B738AF7}"
EndProject
Project("{FAE04EC0-301F-11D3-BF4B-00C04F79EFBC}") = "BinaryHeap", "BinaryHeap\BinaryHeap.csproj", "{1530864B-F036-4A64-8849-C444DF421F5A}"
EndProject
Project("{FAE04EC0-301F-11D3-BF4B-00C04F79EFBC}") = "BinaryHeapLib", "BinaryHeapLib\BinaryHeapLib.csproj", "{00E24AF3-8A5A-4BFF-9357-08A41C4E1F30}"
EndProject
Global
	GlobalSection(SolutionConfigurationPlatforms) = preSolution
		Debug|Any CPU = Debug|Any CPU
		Release|Any CPU = Release|Any CPU
	EndGlobalSection
	GlobalSection(ProjectConfigurationPlatforms) = postSolution
		{500A88F7-9283-4D4C-8A12-08771B738AF7}.Debug|Any CPU.ActiveCfg = Debug|Any CPU
		{500A88F7-9283-4D4C-8A12-08771B738AF7}.Debug|Any CPU.Build.0 = Debug|Any CPU
		{500A88F7-9283-4D4C-8A12-08771B738AF7}.Release|Any CPU.ActiveCfg = Release|Any CPU
		{500A88F7-9283-4D4C-8A12-08771B738AF7}.Release|Any CPU.Build.0 = Release|Any CPU
		{1530864B-F036-4A64-8849-C444DF421F5A}.Debug|Any CPU.ActiveCfg = Debug|Any CPU
		{1530864B-F036-4A64-8849-C444DF421F5A}.Debug|Any CPU.Build.0 = Debug|Any CPU
		{1530864B-F036-4A64-8849-C444DF421F5A}.Release|Any CPU.ActiveCfg = Release|Any CPU
		{1530864B-F036-4A64-8849-C444DF421F5A}.Release|Any CPU.Build.0 = Release|Any CPU
		{00E24AF3-8A5A-4BFF-9357-08A41C4E1F30}.Debug|Any CPU.ActiveCfg = Debug|Any CPU
		{00E24AF3-8A5A-4BFF-9357-08A41C4E1F30}.Debug|Any CPU.Build.0 = Debug|Any CPU
		{00E24AF3-8A5A-4BFF-9357-08A41C4E1F30}.Release|Any CPU.ActiveCfg = Release|Any CPU
		{00E24AF3-8A5A-4BFF-9357-08A41C4E1F30}.Release|Any CPU.Build.0 = Release|Any CPU
	EndGlobalSection
	GlobalSection(SolutionProperties) = preSolution
		HideSolutionNode = FALSE
	EndGlobalSection
	GlobalSection(ExtensibilityGlobals) = postSolution
		SolutionGuid = {C400018F-C4F1-439C-92E6-EB199CA28AF0}
	EndGlobalSection
EndGlobal
